# This file is automatically @generated by Poetry 2.2.1 and should not be changed by hand.

[[package]]
name = "print-color"
version = "0.4.6"
description = "A simple package to print in color to the terminal"
optional = false
python-versions = ">=3.7,<4.0"
groups = ["main"]
files = [
    {file = "print_color-0.4.6-py3-none-any.whl", hash = "sha256:494bd1cdb84daf481f0e63bd22b3c32f7d52827d8f5d9138a96bb01ca8ba9299"},
    {file = "print_color-0.4.6.tar.gz", hash = "sha256:d3aafc1666c8d31a85fffa6ee8e4f269f5d5e338d685b4e6179915c71867c585"},
]

[metadata]
lock-version = "2.1"
python-versions = ">=3.13,<4.0"
content-hash = "07a457473340e63e94f11a3e9ab0dcd7bfbb977e14c3a5501f32ea524c3c29d8"
